
Microsoft Visual Studio Solution File, Format Version 12.00
# Visual Studio 2012
Project("{FAE04EC0-301F-11D3-BF4B-00C04F79EFBC}") = "Easy", "Easy\Easy.csproj", "{CF10F84D-08B9-456B-876B-01113714CF66}"
EndProject
Project("{FAE04EC0-301F-11D3-BF4B-00C04F79EFBC}") = "Easy.Test", "Easy.Test\Easy.Test.csproj", "{988266D0-F1D4-4057-8299-FED64C36FB77}"
EndProject
Global
	GlobalSection(SolutionConfigurationPlatforms) = preSolution
		Debug|Any CPU = Debug|Any CPU
		Debug|ARM = Debug|ARM
		Debug|x64 = Debug|x64
		Debug|x86 = Debug|x86
		Release|Any CPU = Release|Any CPU
		Release|ARM = Release|ARM
		Release|x64 = Release|x64
		Release|x86 = Release|x86
	EndGlobalSection
	GlobalSection(ProjectConfigurationPlatforms) = postSolution
		{CF10F84D-08B9-456B-876B-01113714CF66}.Debug|Any CPU.ActiveCfg = Debug|Any CPU
		{CF10F84D-08B9-456B-876B-01113714CF66}.Debug|Any CPU.Build.0 = Debug|Any CPU
		{CF10F84D-08B9-456B-876B-01113714CF66}.Debug|Any CPU.Deploy.0 = Debug|Any CPU
		{CF10F84D-08B9-456B-876B-01113714CF66}.Debug|ARM.ActiveCfg = Debug|ARM
		{CF10F84D-08B9-456B-876B-01113714CF66}.Debug|ARM.Build.0 = Debug|ARM
		{CF10F84D-08B9-456B-876B-01113714CF66}.Debug|x64.ActiveCfg = Debug|x64
		{CF10F84D-08B9-456B-876B-01113714CF66}.Debug|x64.Build.0 = Debug|x64
		{CF10F84D-08B9-456B-876B-01113714CF66}.Debug|x86.ActiveCfg = Debug|x86
		{CF10F84D-08B9-456B-876B-01113714CF66}.Debug|x86.Build.0 = Debug|x86
		{CF10F84D-08B9-456B-876B-01113714CF66}.Release|Any CPU.ActiveCfg = Release|Any CPU
		{CF10F84D-08B9-456B-876B-01113714CF66}.Release|Any CPU.Build.0 = Release|Any CPU
		{CF10F84D-08B9-456B-876B-01113714CF66}.Release|ARM.ActiveCfg = Release|ARM
		{CF10F84D-08B9-456B-876B-01113714CF66}.Release|ARM.Build.0 = Release|ARM
		{CF10F84D-08B9-456B-876B-01113714CF66}.Release|x64.ActiveCfg = Release|x64
		{CF10F84D-08B9-456B-876B-01113714CF66}.Release|x64.Build.0 = Release|x64
		{CF10F84D-08B9-456B-876B-01113714CF66}.Release|x86.ActiveCfg = Release|x86
		{CF10F84D-08B9-456B-876B-01113714CF66}.Release|x86.Build.0 = Release|x86
		{988266D0-F1D4-4057-8299-FED64C36FB77}.Debug|Any CPU.ActiveCfg = Debug|Any CPU
		{988266D0-F1D4-4057-8299-FED64C36FB77}.Debug|Any CPU.Build.0 = Debug|Any CPU
		{988266D0-F1D4-4057-8299-FED64C36FB77}.Debug|Any CPU.Deploy.0 = Debug|Any CPU
		{988266D0-F1D4-4057-8299-FED64C36FB77}.Debug|ARM.ActiveCfg = Debug|ARM
		{988266D0-F1D4-4057-8299-FED64C36FB77}.Debug|ARM.Build.0 = Debug|ARM
		{988266D0-F1D4-4057-8299-FED64C36FB77}.Debug|ARM.Deploy.0 = Debug|ARM
		{988266D0-F1D4-4057-8299-FED64C36FB77}.Debug|x64.ActiveCfg = Debug|x64
		{988266D0-F1D4-4057-8299-FED64C36FB77}.Debug|x64.Build.0 = Debug|x64
		{988266D0-F1D4-4057-8299-FED64C36FB77}.Debug|x64.Deploy.0 = Debug|x64
		{988266D0-F1D4-4057-8299-FED64C36FB77}.Debug|x86.ActiveCfg = Debug|x86
		{988266D0-F1D4-4057-8299-FED64C36FB77}.Debug|x86.Build.0 = Debug|x86
		{988266D0-F1D4-4057-8299-FED64C36FB77}.Debug|x86.Deploy.0 = Debug|x86
		{988266D0-F1D4-4057-8299-FED64C36FB77}.Release|Any CPU.ActiveCfg = Release|Any CPU
		{988266D0-F1D4-4057-8299-FED64C36FB77}.Release|Any CPU.Build.0 = Release|Any CPU
		{988266D0-F1D4-4057-8299-FED64C36FB77}.Release|Any CPU.Deploy.0 = Release|Any CPU
		{988266D0-F1D4-4057-8299-FED64C36FB77}.Release|ARM.ActiveCfg = Release|ARM
		{988266D0-F1D4-4057-8299-FED64C36FB77}.Release|ARM.Build.0 = Release|ARM
		{988266D0-F1D4-4057-8299-FED64C36FB77}.Release|ARM.Deploy.0 = Release|ARM
		{988266D0-F1D4-4057-8299-FED64C36FB77}.Release|x64.ActiveCfg = Release|x64
		{988266D0-F1D4-4057-8299-FED64C36FB77}.Release|x64.Build.0 = Release|x64
		{988266D0-F1D4-4057-8299-FED64C36FB77}.Release|x64.Deploy.0 = Release|x64
		{988266D0-F1D4-4057-8299-FED64C36FB77}.Release|x86.ActiveCfg = Release|x86
		{988266D0-F1D4-4057-8299-FED64C36FB77}.Release|x86.Build.0 = Release|x86
		{988266D0-F1D4-4057-8299-FED64C36FB77}.Release|x86.Deploy.0 = Release|x86
	EndGlobalSection
	GlobalSection(SolutionProperties) = preSolution
		HideSolutionNode = FALSE
	EndGlobalSection
EndGlobal
